
Microsoft Visual Studio Solution File, Format Version 12.00
# Visual Studio 2013
VisualStudioVersion = 12.0.30501.0
MinimumVisualStudioVersion = 10.0.40219.1
Project("{8BC9CEB8-8B4A-11D0-8D11-00A0C91BC942}") = "FightGame", "FightGame\FightGame.vcxproj", "{5F540A33-C484-4C3C-A77C-85BEF98D2457}"
EndProject
Project("{8BC9CEB8-8B4A-11D0-8D11-00A0C91BC942}") = "animationTool", "animationTool\animationTool.vcxproj", "{74039F56-09FD-4CBB-AACE-8DDC23721767}"
EndProject
Project("{8BC9CEB8-8B4A-11D0-8D11-00A0C91BC942}") = "FightGameV2", "FightGameV2\FightGameV2.vcxproj", "{F8227862-05DB-413F-86C7-4BFB7A6AA146}"
EndProject
Global
	GlobalSection(SolutionConfigurationPlatforms) = preSolution
		Debug|Win32 = Debug|Win32
		Release|Win32 = Release|Win32
	EndGlobalSection
	GlobalSection(ProjectConfigurationPlatforms) = postSolution
		{5F540A33-C484-4C3C-A77C-85BEF98D2457}.Debug|Win32.ActiveCfg = Debug|Win32
		{5F540A33-C484-4C3C-A77C-85BEF98D2457}.Debug|Win32.Build.0 = Debug|Win32
		{5F540A33-C484-4C3C-A77C-85BEF98D2457}.Release|Win32.ActiveCfg = Release|Win32
		{5F540A33-C484-4C3C-A77C-85BEF98D2457}.Release|Win32.Build.0 = Release|Win32
		{74039F56-09FD-4CBB-AACE-8DDC23721767}.Debug|Win32.ActiveCfg = Debug|Win32
		{74039F56-09FD-4CBB-AACE-8DDC23721767}.Debug|Win32.Build.0 = Debug|Win32
		{74039F56-09FD-4CBB-AACE-8DDC23721767}.Release|Win32.ActiveCfg = Release|Win32
		{74039F56-09FD-4CBB-AACE-8DDC23721767}.Release|Win32.Build.0 = Release|Win32
		{F8227862-05DB-413F-86C7-4BFB7A6AA146}.Debug|Win32.ActiveCfg = Debug|Win32
		{F8227862-05DB-413F-86C7-4BFB7A6AA146}.Debug|Win32.Build.0 = Debug|Win32
		{F8227862-05DB-413F-86C7-4BFB7A6AA146}.Release|Win32.ActiveCfg = Release|Win32
		{F8227862-05DB-413F-86C7-4BFB7A6AA146}.Release|Win32.Build.0 = Release|Win32
	EndGlobalSection
	GlobalSection(SolutionProperties) = preSolution
		HideSolutionNode = FALSE
	EndGlobalSection
EndGlobal
